
Microsoft Visual Studio Solution File, Format Version 12.00
# Visual Studio Version 17
VisualStudioVersion = 17.7.34221.43
MinimumVisualStudioVersion = 10.0.40219.1
Project("{FAE04EC0-301F-11D3-BF4B-00C04F79EFBC}") = "NoteApp", "NoteApp\NoteApp.csproj", "{ADB5160C-56D8-409A-B76C-4D215089D96F}"
EndProject
Global
	GlobalSection(SolutionConfigurationPlatforms) = preSolution
		Debug|Any CPU = Debug|Any CPU
		Release|Any CPU = Release|Any CPU
	EndGlobalSection
	GlobalSection(ProjectConfigurationPlatforms) = postSolution
		{ADB5160C-56D8-409A-B76C-4D215089D96F}.Debug|Any CPU.ActiveCfg = Debug|Any CPU
		{ADB5160C-56D8-409A-B76C-4D215089D96F}.Debug|Any CPU.Build.0 = Debug|Any CPU
		{ADB5160C-56D8-409A-B76C-4D215089D96F}.Release|Any CPU.ActiveCfg = Release|Any CPU
		{ADB5160C-56D8-409A-B76C-4D215089D96F}.Release|Any CPU.Build.0 = Release|Any CPU
	EndGlobalSection
	GlobalSection(SolutionProperties) = preSolution
		HideSolutionNode = FALSE
	EndGlobalSection
	GlobalSection(ExtensibilityGlobals) = postSolution
		SolutionGuid = {B25DC5D5-189A-43A9-940A-B3EE7EFB0A40}
	EndGlobalSection
EndGlobal
